// !$*UTF8*$!
{
	archiveVersion = 1;
	classes = {
	};
	objectVersion = 50;
	objects = {

/* Begin PBXBuildFile section */
		1BC2F81A26191D3D00854171 /* AppDelegate.swift in Sources */ = {isa = PBXBuildFile; fileRef = 1BC2F81926191D3D00854171 /* AppDelegate.swift */; };
		1BC2F81C26191D3D00854171 /* SceneDelegate.swift in Sources */ = {isa = PBXBuildFile; fileRef = 1BC2F81B26191D3D00854171 /* SceneDelegate.swift */; };
		1BC2F81E26191D3D00854171 /* ViewController.swift in Sources */ = {isa = PBXBuildFile; fileRef = 1BC2F81D26191D3D00854171 /* ViewController.swift */; };
		1BC2F82126191D3D00854171 /* Main.storyboard in Resources */ = {isa = PBXBuildFile; fileRef = 1BC2F81F26191D3D00854171 /* Main.storyboard */; };
		1BC2F82326191D3E00854171 /* Assets.xcassets in Resources */ = {isa = PBXBuildFile; fileRef = 1BC2F82226191D3E00854171 /* Assets.xcassets */; };
		1BC2F82626191D3E00854171 /* LaunchScreen.storyboard in Resources */ = {isa = PBXBuildFile; fileRef = 1BC2F82426191D3E00854171 /* LaunchScreen.storyboard */; };
		1BC2F83126191D3E00854171 /* Book_Club_AppTests.swift in Sources */ = {isa = PBXBuildFile; fileRef = 1BC2F83026191D3E00854171 /* Book_Club_AppTests.swift */; };
		1BC2F83C26191D3E00854171 /* Book_Club_AppUITests.swift in Sources */ = {isa = PBXBuildFile; fileRef = 1BC2F83B26191D3E00854171 /* Book_Club_AppUITests.swift */; };
/* End PBXBuildFile section */

/* Begin PBXContainerItemProxy section */
		1BC2F82D26191D3E00854171 /* PBXContainerItemProxy */ = {
			isa = PBXContainerItemProxy;
			containerPortal = 1BC2F80E26191D3D00854171 /* Project object */;
			proxyType = 1;
			remoteGlobalIDString = 1BC2F81526191D3D00854171;
			remoteInfo = "Book Club App";
		};
		1BC2F83826191D3E00854171 /* PBXContainerItemProxy */ = {
			isa = PBXContainerItemProxy;
			containerPortal = 1BC2F80E26191D3D00854171 /* Project object */;
			proxyType = 1;
			remoteGlobalIDString = 1BC2F81526191D3D00854171;
			remoteInfo = "Book Club App";
		};
/* End PBXContainerItemProxy section */

/* Begin PBXFileReference section */
		1BC2F81626191D3D00854171 /* Book Club App.app */ = {isa = PBXFileReference; explicitFileType = wrapper.application; includeInIndex = 0; path = "Book Club App.app"; sourceTree = BUILT_PRODUCTS_DIR; };
		1BC2F81926191D3D00854171 /* AppDelegate.swift */ = {isa = PBXFileReference; lastKnownFileType = sourcecode.swift; path = AppDelegate.swift; sourceTree = "<group>"; };
		1BC2F81B26191D3D00854171 /* SceneDelegate.swift */ = {isa = PBXFileReference; lastKnownFileType = sourcecode.swift; path = SceneDelegate.swift; sourceTree = "<group>"; };
		1BC2F81D26191D3D00854171 /* ViewController.swift */ = {isa = PBXFileReference; lastKnownFileType = sourcecode.swift; path = ViewController.swift; sourceTree = "<group>"; };
		1BC2F82026191D3D00854171 /* Base */ = {isa = PBXFileReference; lastKnownFileType = file.storyboard; name = Base; path = Base.lproj/Main.storyboard; sourceTree = "<group>"; };
		1BC2F82226191D3E00854171 /* Assets.xcassets */ = {isa = PBXFileReference; lastKnownFileType = folder.assetcatalog; path = Assets.xcassets; sourceTree = "<group>"; };
		1BC2F82526191D3E00854171 /* Base */ = {isa = PBXFileReference; lastKnownFileType = file.storyboard; name = Base; path = Base.lproj/LaunchScreen.storyboard; sourceTree = "<group>"; };
		1BC2F82726191D3E00854171 /* Info.plist */ = {isa = PBXFileReference; lastKnownFileType = text.plist.xml; path = Info.plist; sourceTree = "<group>"; };
		1BC2F82C26191D3E00854171 /* Book Club AppTests.xctest */ = {isa = PBXFileReference; explicitFileType = wrapper.cfbundle; includeInIndex = 0; path = "Book Club AppTests.xctest"; sourceTree = BUILT_PRODUCTS_DIR; };
		1BC2F83026191D3E00854171 /* Book_Club_AppTests.swift */ = {isa = PBXFileReference; lastKnownFileType = sourcecode.swift; path = Book_Club_AppTests.swift; sourceTree = "<group>"; };
		1BC2F83226191D3E00854171 /* Info.plist */ = {isa = PBXFileReference; lastKnownFileType = text.plist.xml; path = Info.plist; sourceTree = "<group>"; };
		1BC2F83726191D3E00854171 /* Book Club AppUITests.xctest */ = {isa = PBXFileReference; explicitFileType = wrapper.cfbundle; includeInIndex = 0; path = "Book Club AppUITests.xctest"; sourceTree = BUILT_PRODUCTS_DIR; };
		1BC2F83B26191D3E00854171 /* Book_Club_AppUITests.swift */ = {isa = PBXFileReference; lastKnownFileType = sourcecode.swift; path = Book_Club_AppUITests.swift; sourceTree = "<group>"; };
		1BC2F83D26191D3E00854171 /* Info.plist */ = {isa = PBXFileReference; lastKnownFileType = text.plist.xml; path = Info.plist; sourceTree = "<group>"; };
/* End PBXFileReference section */

/* Begin PBXFrameworksBuildPhase section */
		1BC2F81326191D3D00854171 /* Frameworks */ = {
			isa = PBXFrameworksBuildPhase;
			buildActionMask = 2147483647;
			files = (
			);
			runOnlyForDeploymentPostprocessing = 0;
		};
		1BC2F82926191D3E00854171 /* Frameworks */ = {
			isa = PBXFrameworksBuildPhase;
			buildActionMask = 2147483647;
			files = (
			);
			runOnlyForDeploymentPostprocessing = 0;
		};
		1BC2F83426191D3E00854171 /* Frameworks */ = {
			isa = PBXFrameworksBuildPhase;
			buildActionMask = 2147483647;
			files = (
			);
			runOnlyForDeploymentPostprocessing = 0;
		};
/* End PBXFrameworksBuildPhase section */

/* Begin PBXGroup section */
		1BC2F80D26191D3D00854171 = {
			isa = PBXGroup;
			children = (
				1BC2F81826191D3D00854171 /* Book Club App */,
				1BC2F82F26191D3E00854171 /* Book Club AppTests */,
				1BC2F83A26191D3E00854171 /* Book Club AppUITests */,
				1BC2F81726191D3D00854171 /* Products */,
			);
			sourceTree = "<group>";
		};
		1BC2F81726191D3D00854171 /* Products */ = {
			isa = PBXGroup;
			children = (
				1BC2F81626191D3D00854171 /* Book Club App.app */,
				1BC2F82C26191D3E00854171 /* Book Club AppTests.xctest */,
				1BC2F83726191D3E00854171 /* Book Club AppUITests.xctest */,
			);
			name = Products;
			sourceTree = "<group>";
		};
		1BC2F81826191D3D00854171 /* Book Club App */ = {
			isa = PBXGroup;
			children = (
				1BC2F81926191D3D00854171 /* AppDelegate.swift */,
				1BC2F81B26191D3D00854171 /* SceneDelegate.swift */,
				1BC2F81D26191D3D00854171 /* ViewController.swift */,
				1BC2F81F26191D3D00854171 /* Main.storyboard */,
				1BC2F82226191D3E00854171 /* Assets.xcassets */,
				1BC2F82426191D3E00854171 /* LaunchScreen.storyboard */,
				1BC2F82726191D3E00854171 /* Info.plist */,
			);
			path = "Book Club App";
			sourceTree = "<group>";
		};
		1BC2F82F26191D3E00854171 /* Book Club AppTests */ = {
			isa = PBXGroup;
			children = (
				1BC2F83026191D3E00854171 /* Book_Club_AppTests.swift */,
				1BC2F83226191D3E00854171 /* Info.plist */,
			);
			path = "Book Club AppTests";
			sourceTree = "<group>";
		};
		1BC2F83A26191D3E00854171 /* Book Club AppUITests */ = {
			isa = PBXGroup;
			children = (
				1BC2F83B26191D3E00854171 /* Book_Club_AppUITests.swift */,
				1BC2F83D26191D3E00854171 /* Info.plist */,
			);
			path = "Book Club AppUITests";
			sourceTree = "<group>";
		};
/* End PBXGroup section */

/* Begin PBXNativeTarget section */
		1BC2F81526191D3D00854171 /* Book Club App */ = {
			isa = PBXNativeTarget;
			buildConfigurationList = 1BC2F84026191D3E00854171 /* Build configuration list for PBXNativeTarget "Book Club App" */;
			buildPhases = (
				1BC2F81226191D3D00854171 /* Sources */,
				1BC2F81326191D3D00854171 /* Frameworks */,
				1BC2F81426191D3D00854171 /* Resources */,
			);
			buildRules = (
			);
			dependencies = (
			);
			name = "Book Club App";
			productName = "Book Club App";
			productReference = 1BC2F81626191D3D00854171 /* Book Club App.app */;
			productType = "com.apple.product-type.application";
		};
		1BC2F82B26191D3E00854171 /* Book Club AppTests */ = {
			isa = PBXNativeTarget;
			buildConfigurationList = 1BC2F84326191D3E00854171 /* Build configuration list for PBXNativeTarget "Book Club AppTests" */;
			buildPhases = (
				1BC2F82826191D3E00854171 /* Sources */,
				1BC2F82926191D3E00854171 /* Frameworks */,
				1BC2F82A26191D3E00854171 /* Resources */,
			);
			buildRules = (
			);
			dependencies = (
				1BC2F82E26191D3E00854171 /* PBXTargetDependency */,
			);
			name = "Book Club AppTests";
			productName = "Book Club AppTests";
			productReference = 1BC2F82C26191D3E00854171 /* Book Club AppTests.xctest */;
			productType = "com.apple.product-type.bundle.unit-test";
		};
		1BC2F83626191D3E00854171 /* Book Club AppUITests */ = {
			isa = PBXNativeTarget;
			buildConfigurationList = 1BC2F84626191D3E00854171 /* Build configuration list for PBXNativeTarget "Book Club AppUITests" */;
			buildPhases = (
				1BC2F83326191D3E00854171 /* Sources */,
				1BC2F83426191D3E00854171 /* Frameworks */,
				1BC2F83526191D3E00854171 /* Resources */,
			);
			buildRules = (
			);
			dependencies = (
				1BC2F83926191D3E00854171 /* PBXTargetDependency */,
			);
			name = "Book Club AppUITests";
			productName = "Book Club AppUITests";
			productReference = 1BC2F83726191D3E00854171 /* Book Club AppUITests.xctest */;
			productType = "com.apple.product-type.bundle.ui-testing";
		};
/* End PBXNativeTarget section */

/* Begin PBXProject section */
		1BC2F80E26191D3D00854171 /* Project object */ = {
			isa = PBXProject;
			attributes = {
				LastSwiftUpdateCheck = 1240;
				LastUpgradeCheck = 1240;
				TargetAttributes = {
					1BC2F81526191D3D00854171 = {
						CreatedOnToolsVersion = 12.4;
					};
					1BC2F82B26191D3E00854171 = {
						CreatedOnToolsVersion = 12.4;
						TestTargetID = 1BC2F81526191D3D00854171;
					};
					1BC2F83626191D3E00854171 = {
						CreatedOnToolsVersion = 12.4;
						TestTargetID = 1BC2F81526191D3D00854171;
					};
				};
			};
			buildConfigurationList = 1BC2F81126191D3D00854171 /* Build configuration list for PBXProject "Book Club App" */;
			compatibilityVersion = "Xcode 9.3";
			developmentRegion = en;
			hasScannedForEncodings = 0;
			knownRegions = (
				en,
				Base,
			);
			mainGroup = 1BC2F80D26191D3D00854171;
			productRefGroup = 1BC2F81726191D3D00854171 /* Products */;
			projectDirPath = "";
			projectRoot = "";
			targets = (
				1BC2F81526191D3D00854171 /* Book Club App */,
				1BC2F82B26191D3E00854171 /* Book Club AppTests */,
				1BC2F83626191D3E00854171 /* Book Club AppUITests */,
			);
		};
/* End PBXProject section */

/* Begin PBXResourcesBuildPhase section */
		1BC2F81426191D3D00854171 /* Resources */ = {
			isa = PBXResourcesBuildPhase;
			buildActionMask = 2147483647;
			files = (
				1BC2F82626191D3E00854171 /* LaunchScreen.storyboard in Resources */,
				1BC2F82326191D3E00854171 /* Assets.xcassets in Resources */,
				1BC2F82126191D3D00854171 /* Main.storyboard in Resources */,
			);
			runOnlyForDeploymentPostprocessing = 0;
		};
		1BC2F82A26191D3E00854171 /* Resources */ = {
			isa = PBXResourcesBuildPhase;
			buildActionMask = 2147483647;
			files = (
			);
			runOnlyForDeploymentPostprocessing = 0;
		};
		1BC2F83526191D3E00854171 /* Resources */ = {
			isa = PBXResourcesBuildPhase;
			buildActionMask = 2147483647;
			files = (
			);
			runOnlyForDeploymentPostprocessing = 0;
		};
/* End PBXResourcesBuildPhase section */

/* Begin PBXSourcesBuildPhase section */
		1BC2F81226191D3D00854171 /* Sources */ = {
			isa = PBXSourcesBuildPhase;
			buildActionMask = 2147483647;
			files = (
				1BC2F81E26191D3D00854171 /* ViewController.swift in Sources */,
				1BC2F81A26191D3D00854171 /* AppDelegate.swift in Sources */,
				1BC2F81C26191D3D00854171 /* SceneDelegate.swift in Sources */,
			);
			runOnlyForDeploymentPostprocessing = 0;
		};
		1BC2F82826191D3E00854171 /* Sources */ = {
			isa = PBXSourcesBuildPhase;
			buildActionMask = 2147483647;
			files = (
				1BC2F83126191D3E00854171 /* Book_Club_AppTests.swift in Sources */,
			);
			runOnlyForDeploymentPostprocessing = 0;
		};
		1BC2F83326191D3E00854171 /* Sources */ = {
			isa = PBXSourcesBuildPhase;
			buildActionMask = 2147483647;
			files = (
				1BC2F83C26191D3E00854171 /* Book_Club_AppUITests.swift in Sources */,
			);
			runOnlyForDeploymentPostprocessing = 0;
		};
/* End PBXSourcesBuildPhase section */

/* Begin PBXTargetDependency section */
		1BC2F82E26191D3E00854171 /* PBXTargetDependency */ = {
			isa = PBXTargetDependency;
			target = 1BC2F81526191D3D00854171 /* Book Club App */;
			targetProxy = 1BC2F82D26191D3E00854171 /* PBXContainerItemProxy */;
		};
		1BC2F83926191D3E00854171 /* PBXTargetDependency */ = {
			isa = PBXTargetDependency;
			target = 1BC2F81526191D3D00854171 /* Book Club App */;
			targetProxy = 1BC2F83826191D3E00854171 /* PBXContainerItemProxy */;
		};
/* End PBXTargetDependency section */

/* Begin PBXVariantGroup section */
		1BC2F81F26191D3D00854171 /* Main.storyboard */ = {
			isa = PBXVariantGroup;
			children = (
				1BC2F82026191D3D00854171 /* Base */,
			);
			name = Main.storyboard;
			sourceTree = "<group>";
		};
		1BC2F82426191D3E00854171 /* LaunchScreen.storyboard */ = {
			isa = PBXVariantGroup;
			children = (
				1BC2F82526191D3E00854171 /* Base */,
			);
			name = LaunchScreen.storyboard;
			sourceTree = "<group>";
		};
/* End PBXVariantGroup section */

/* Begin XCBuildConfiguration section */
		1BC2F83E26191D3E00854171 /* Debug */ = {
			isa = XCBuildConfiguration;
			buildSettings = {
				ALWAYS_SEARCH_USER_PATHS = NO;
				CLANG_ANALYZER_NONNULL = YES;
				CLANG_ANALYZER_NUMBER_OBJECT_CONVERSION = YES_AGGRESSIVE;
				CLANG_CXX_LANGUAGE_STANDARD = "gnu++14";
				CLANG_CXX_LIBRARY = "libc++";
				CLANG_ENABLE_MODULES = YES;
				CLANG_ENABLE_OBJC_ARC = YES;
				CLANG_ENABLE_OBJC_WEAK = YES;
				CLANG_WARN_BLOCK_CAPTURE_AUTORELEASING = YES;
				CLANG_WARN_BOOL_CONVERSION = YES;
				CLANG_WARN_COMMA = YES;
				CLANG_WARN_CONSTANT_CONVERSION = YES;
				CLANG_WARN_DEPRECATED_OBJC_IMPLEMENTATIONS = YES;
				CLANG_WARN_DIRECT_OBJC_ISA_USAGE = YES_ERROR;
				CLANG_WARN_DOCUMENTATION_COMMENTS = YES;
				CLANG_WARN_EMPTY_BODY = YES;
				CLANG_WARN_ENUM_CONVERSION = YES;
				CLANG_WARN_INFINITE_RECURSION = YES;
				CLANG_WARN_INT_CONVERSION = YES;
				CLANG_WARN_NON_LITERAL_NULL_CONVERSION = YES;
				CLANG_WARN_OBJC_IMPLICIT_RETAIN_SELF = YES;
				CLANG_WARN_OBJC_LITERAL_CONVERSION = YES;
				CLANG_WARN_OBJC_ROOT_CLASS = YES_ERROR;
				CLANG_WARN_QUOTED_INCLUDE_IN_FRAMEWORK_HEADER = YES;
				CLANG_WARN_RANGE_LOOP_ANALYSIS = YES;
				CLANG_WARN_STRICT_PROTOTYPES = YES;
				CLANG_WARN_SUSPICIOUS_MOVE = YES;
				CLANG_WARN_UNGUARDED_AVAILABILITY = YES_AGGRESSIVE;
				CLANG_WARN_UNREACHABLE_CODE = YES;
				CLANG_WARN__DUPLICATE_METHOD_MATCH = YES;
				COPY_PHASE_STRIP = NO;
				DEBUG_INFORMATION_FORMAT = dwarf;
				ENABLE_STRICT_OBJC_MSGSEND = YES;
				ENABLE_TESTABILITY = YES;
				GCC_C_LANGUAGE_STANDARD = gnu11;
				GCC_DYNAMIC_NO_PIC = NO;
				GCC_NO_COMMON_BLOCKS = YES;
				GCC_OPTIMIZATION_LEVEL = 0;
				GCC_PREPROCESSOR_DEFINITIONS = (
					"DEBUG=1",
					"$(inherited)",
				);
				GCC_WARN_64_TO_32_BIT_CONVERSION = YES;
				GCC_WARN_ABOUT_RETURN_TYPE = YES_ERROR;
				GCC_WARN_UNDECLARED_SELECTOR = YES;
				GCC_WARN_UNINITIALIZED_AUTOS = YES_AGGRESSIVE;
				GCC_WARN_UNUSED_FUNCTION = YES;
				GCC_WARN_UNUSED_VARIABLE = YES;
				IPHONEOS_DEPLOYMENT_TARGET = 14.4;
				MTL_ENABLE_DEBUG_INFO = INCLUDE_SOURCE;
				MTL_FAST_MATH = YES;
				ONLY_ACTIVE_ARCH = YES;
				SDKROOT = iphoneos;
				SWIFT_ACTIVE_COMPILATION_CONDITIONS = DEBUG;
				SWIFT_OPTIMIZATION_LEVEL = "-Onone";
			};
			name = Debug;
		};
		1BC2F83F26191D3E00854171 /* Release */ = {
			isa = XCBuildConfiguration;
			buildSettings = {
				ALWAYS_SEARCH_USER_PATHS = NO;
				CLANG_ANALYZER_NONNULL = YES;
				CLANG_ANALYZER_NUMBER_OBJECT_CONVERSION = YES_AGGRESSIVE;
				CLANG_CXX_LANGUAGE_STANDARD = "gnu++14";
				CLANG_CXX_LIBRARY = "libc++";
				CLANG_ENABLE_MODULES = YES;
				CLANG_ENABLE_OBJC_ARC = YES;
				CLANG_ENABLE_OBJC_WEAK = YES;
				CLANG_WARN_BLOCK_CAPTURE_AUTORELEASING = YES;
				CLANG_WARN_BOOL_CONVERSION = YES;
				CLANG_WARN_COMMA = YES;
				CLANG_WARN_CONSTANT_CONVERSION = YES;
				CLANG_WARN_DEPRECATED_OBJC_IMPLEMENTATIONS = YES;
				CLANG_WARN_DIRECT_OBJC_ISA_USAGE = YES_ERROR;
				CLANG_WARN_DOCUMENTATION_COMMENTS = YES;
				CLANG_WARN_EMPTY_BODY = YES;
				CLANG_WARN_ENUM_CONVERSION = YES;
				CLANG_WARN_INFINITE_RECURSION = YES;
				CLANG_WARN_INT_CONVERSION = YES;
				CLANG_WARN_NON_LITERAL_NULL_CONVERSION = YES;
				CLANG_WARN_OBJC_IMPLICIT_RETAIN_SELF = YES;
				CLANG_WARN_OBJC_LITERAL_CONVERSION = YES;
				CLANG_WARN_OBJC_ROOT_CLASS = YES_ERROR;
				CLANG_WARN_QUOTED_INCLUDE_IN_FRAMEWORK_HEADER = YES;
				CLANG_WARN_RANGE_LOOP_ANALYSIS = YES;
				CLANG_WARN_STRICT_PROTOTYPES = YES;
				CLANG_WARN_SUSPICIOUS_MOVE = YES;
				CLANG_WARN_UNGUARDED_AVAILABILITY = YES_AGGRESSIVE;
				CLANG_WARN_UNREACHABLE_CODE = YES;
				CLANG_WARN__DUPLICATE_METHOD_MATCH = YES;
				COPY_PHASE_STRIP = NO;
				DEBUG_INFORMATION_FORMAT = "dwarf-with-dsym";
				ENABLE_NS_ASSERTIONS = NO;
				ENABLE_STRICT_OBJC_MSGSEND = YES;
				GCC_C_LANGUAGE_STANDARD = gnu11;
				GCC_NO_COMMON_BLOCKS = YES;
				GCC_WARN_64_TO_32_BIT_CONVERSION = YES;
				GCC_WARN_ABOUT_RETURN_TYPE = YES_ERROR;
				GCC_WARN_UNDECLARED_SELECTOR = YES;
				GCC_WARN_UNINITIALIZED_AUTOS = YES_AGGRESSIVE;
				GCC_WARN_UNUSED_FUNCTION = YES;
				GCC_WARN_UNUSED_VARIABLE = YES;
				IPHONEOS_DEPLOYMENT_TARGET = 14.4;
				MTL_ENABLE_DEBUG_INFO = NO;
				MTL_FAST_MATH = YES;
				SDKROOT = iphoneos;
				SWIFT_COMPILATION_MODE = wholemodule;
				SWIFT_OPTIMIZATION_LEVEL = "-O";
				VALIDATE_PRODUCT = YES;
			};
			name = Release;
		};
		1BC2F84126191D3E00854171 /* Debug */ = {
			isa = XCBuildConfiguration;
			buildSettings = {
				ASSETCATALOG_COMPILER_APPICON_NAME = AppIcon;
				ASSETCATALOG_COMPILER_GLOBAL_ACCENT_COLOR_NAME = AccentColor;
				CODE_SIGN_STYLE = Automatic;
				INFOPLIST_FILE = "Book Club App/Info.plist";
				LD_RUNPATH_SEARCH_PATHS = (
					"$(inherited)",
					"@executable_path/Frameworks",
				);
				PRODUCT_BUNDLE_IDENTIFIER = "com.nill.Book-Club-App";
				PRODUCT_NAME = "$(TARGET_NAME)";
				SWIFT_VERSION = 5.0;
				TARGETED_DEVICE_FAMILY = "1,2";
			};
			name = Debug;
		};
		1BC2F84226191D3E00854171 /* Release */ = {
			isa = XCBuildConfiguration;
			buildSettings = {
				ASSETCATALOG_COMPILER_APPICON_NAME = AppIcon;
				ASSETCATALOG_COMPILER_GLOBAL_ACCENT_COLOR_NAME = AccentColor;
				CODE_SIGN_STYLE = Automatic;
				INFOPLIST_FILE = "Book Club App/Info.plist";
				LD_RUNPATH_SEARCH_PATHS = (
					"$(inherited)",
					"@executable_path/Frameworks",
				);
				PRODUCT_BUNDLE_IDENTIFIER = "com.nill.Book-Club-App";
				PRODUCT_NAME = "$(TARGET_NAME)";
				SWIFT_VERSION = 5.0;
				TARGETED_DEVICE_FAMILY = "1,2";
			};
			name = Release;
		};
		1BC2F84426191D3E00854171 /* Debug */ = {
			isa = XCBuildConfiguration;
			buildSettings = {
				ALWAYS_EMBED_SWIFT_STANDARD_LIBRARIES = YES;
				BUNDLE_LOADER = "$(TEST_HOST)";
				CODE_SIGN_STYLE = Automatic;
				INFOPLIST_FILE = "Book Club AppTests/Info.plist";
				IPHONEOS_DEPLOYMENT_TARGET = 14.4;
				LD_RUNPATH_SEARCH_PATHS = (
					"$(inherited)",
					"@executable_path/Frameworks",
					"@loader_path/Frameworks",
				);
				PRODUCT_BUNDLE_IDENTIFIER = "com.nill.Book-Club-AppTests";
				PRODUCT_NAME = "$(TARGET_NAME)";
				SWIFT_VERSION = 5.0;
				TARGETED_DEVICE_FAMILY = "1,2";
				TEST_HOST = "$(BUILT_PRODUCTS_DIR)/Book Club App.app/Book Club App";
			};
			name = Debug;
		};
		1BC2F84526191D3E00854171 /* Release */ = {
			isa = XCBuildConfiguration;
			buildSettings = {
				ALWAYS_EMBED_SWIFT_STANDARD_LIBRARIES = YES;
				BUNDLE_LOADER = "$(TEST_HOST)";
				CODE_SIGN_STYLE = Automatic;
				INFOPLIST_FILE = "Book Club AppTests/Info.plist";
				IPHONEOS_DEPLOYMENT_TARGET = 14.4;
				LD_RUNPATH_SEARCH_PATHS = (
					"$(inherited)",
					"@executable_path/Frameworks",
					"@loader_path/Frameworks",
				);
				PRODUCT_BUNDLE_IDENTIFIER = "com.nill.Book-Club-AppTests";
				PRODUCT_NAME = "$(TARGET_NAME)";
				SWIFT_VERSION = 5.0;
				TARGETED_DEVICE_FAMILY = "1,2";
				TEST_HOST = "$(BUILT_PRODUCTS_DIR)/Book Club App.app/Book Club App";
			};
			name = Release;
		};
		1BC2F84726191D3E00854171 /* Debug */ = {
			isa = XCBuildConfiguration;
			buildSettings = {
				ALWAYS_EMBED_SWIFT_STANDARD_LIBRARIES = YES;
				CODE_SIGN_STYLE = Automatic;
				INFOPLIST_FILE = "Book Club AppUITests/Info.plist";
				LD_RUNPATH_SEARCH_PATHS = (
					"$(inherited)",
					"@executable_path/Frameworks",
					"@loader_path/Frameworks",
				);
				PRODUCT_BUNDLE_IDENTIFIER = "com.nill.Book-Club-AppUITests";
				PRODUCT_NAME = "$(TARGET_NAME)";
				SWIFT_VERSION = 5.0;
				TARGETED_DEVICE_FAMILY = "1,2";
				TEST_TARGET_NAME = "Book Club App";
			};
			name = Debug;
		};
		1BC2F84826191D3E00854171 /* Release */ = {
			isa = XCBuildConfiguration;
			buildSettings = {
				ALWAYS_EMBED_SWIFT_STANDARD_LIBRARIES = YES;
				CODE_SIGN_STYLE = Automatic;
				INFOPLIST_FILE = "Book Club AppUITests/Info.plist";
				LD_RUNPATH_SEARCH_PATHS = (
					"$(inherited)",
					"@executable_path/Frameworks",
					"@loader_path/Frameworks",
				);
				PRODUCT_BUNDLE_IDENTIFIER = "com.nill.Book-Club-AppUITests";
				PRODUCT_NAME = "$(TARGET_NAME)";
				SWIFT_VERSION = 5.0;
				TARGETED_DEVICE_FAMILY = "1,2";
				TEST_TARGET_NAME = "Book Club App";
			};
			name = Release;
		};
/* End XCBuildConfiguration section */

/* Begin XCConfigurationList section */
		1BC2F81126191D3D00854171 /* Build configuration list for PBXProject "Book Club App" */ = {
			isa = XCConfigurationList;
			buildConfigurations = (
				1BC2F83E26191D3E00854171 /* Debug */,
				1BC2F83F26191D3E00854171 /* Release */,
			);
			defaultConfigurationIsVisible = 0;
			defaultConfigurationName = Release;
		};
		1BC2F84026191D3E00854171 /* Build configuration list for PBXNativeTarget "Book Club App" */ = {
			isa = XCConfigurationList;
			buildConfigurations = (
				1BC2F84126191D3E00854171 /* Debug */,
				1BC2F84226191D3E00854171 /* Release */,
			);
			defaultConfigurationIsVisible = 0;
			defaultConfigurationName = Release;
		};
		1BC2F84326191D3E00854171 /* Build configuration list for PBXNativeTarget "Book Club AppTests" */ = {
			isa = XCConfigurationList;
			buildConfigurations = (
				1BC2F84426191D3E00854171 /* Debug */,
				1BC2F84526191D3E00854171 /* Release */,
			);
			defaultConfigurationIsVisible = 0;
			defaultConfigurationName = Release;
		};
		1BC2F84626191D3E00854171 /* Build configuration list for PBXNativeTarget "Book Club AppUITests" */ = {
			isa = XCConfigurationList;
			buildConfigurations = (
				1BC2F84726191D3E00854171 /* Debug */,
				1BC2F84826191D3E00854171 /* Release */,
			);
			defaultConfigurationIsVisible = 0;
			defaultConfigurationName = Release;
		};
/* End XCConfigurationList section */
	};
	rootObject = 1BC2F80E26191D3D00854171 /* Project object */;
}
